hash: 32850099782d094173df895662da2af7ca2991a065f1e7799524a8819bae8d65
updated: 2016-04-17T09:11:45.996685675-06:00
imports:
- name: github.com/aws/aws-sdk-go
  version: b743ca27e4b9237d7e2911d6dba2f039c4a3ad0f
  subpackages:
  - aws
  - aws/awserr
  - service/ecs
  - aws/credentials
  - aws/awsutil
  - aws/client
  - aws/client/metadata
  - aws/request
  - private/protocol/jsonrpc
  - private/signer/v4
  - private/waiter
  - private/protocol/json/jsonutil
  - private/protocol/rest
  - private/protocol
- name: github.com/go-ini/ini
  version: 12f418cc7edc5a618a51407b7ac1f1f512139df3
- name: github.com/jinzhu/gorm
  version: 5174cc5c242a728b435ea2be8a2f7f998e15429b
- name: github.com/jinzhu/inflection
  version: 3272df6c21d04180007eb3349844c89a3856bc25
- name: github.com/jmespath/go-jmespath
  version: 0b12d6b521d83fc7f755e7cfc1b1fbdd35a01a74
- name: github.com/mattn/go-sqlite3
  version: aeb3180df56de252b6cfcd64985272010c920ab7
devImports: []
